
Microsoft Visual Studio Solution File, Format Version 12.00
# Visual Studio 15
VisualStudioVersion = 15.0.28307.271
MinimumVisualStudioVersion = 10.0.40219.1
Project("{FAE04EC0-301F-11D3-BF4B-00C04F79EFBC}") = "InterfaceStory1", "InterfaceStory1\InterfaceStory1.csproj", "{B4CDF303-D8FA-4750-9DFE-533F1CFEB9B7}"
EndProject
Global
	GlobalSection(SolutionConfigurationPlatforms) = preSolution
		Debug|Any CPU = Debug|Any CPU
		Release|Any CPU = Release|Any CPU
	EndGlobalSection
	GlobalSection(ProjectConfigurationPlatforms) = postSolution
		{B4CDF303-D8FA-4750-9DFE-533F1CFEB9B7}.Debug|Any CPU.ActiveCfg = Debug|Any CPU
		{B4CDF303-D8FA-4750-9DFE-533F1CFEB9B7}.Debug|Any CPU.Build.0 = Debug|Any CPU
		{B4CDF303-D8FA-4750-9DFE-533F1CFEB9B7}.Release|Any CPU.ActiveCfg = Release|Any CPU
		{B4CDF303-D8FA-4750-9DFE-533F1CFEB9B7}.Release|Any CPU.Build.0 = Release|Any CPU
	EndGlobalSection
	GlobalSection(SolutionProperties) = preSolution
		HideSolutionNode = FALSE
	EndGlobalSection
	GlobalSection(ExtensibilityGlobals) = postSolution
		SolutionGuid = {63236520-6011-47D8-98D1-E50611F6FF47}
	EndGlobalSection
EndGlobal
